<?xml version="1.0" encoding="utf-8"?>
<Project ToolsVersion="4.0" xmlns="http://schemas.microsoft.com/developer/msbuild/2003">
  <ItemGroup>
    <Filter Include="Source Files">
      <UniqueIdentifier>{4FC737F1-C7A5-4376-A066-2A32D752A2FF}</UniqueIdentifier>
      <Extensions>cpp;c;cc;cxx;c++;cppm;ixx;def;odl;idl;hpj;bat;asm;asmx</Extensions>
    </Filter>
    <Filter Include="Header Files">
      <UniqueIdentifier>{93995380-89BD-4b04-88EB-625FBE52EBFB}</UniqueIdentifier>
      <Extensions>h;hh;hpp;hxx;h++;hm;inl;inc;ipp;xsd</Extensions>
    </Filter>
    <Filter Include="Resource Files">
      <UniqueIdentifier>{67DA6AB6-F800-4c08-8B7A-83BB121AAD01}</UniqueIdentifier>
      <Extensions>rc;ico;cur;bmp;dlg;rc2;rct;bin;rgs;gif;jpg;jpeg;jpe;resx;tiff;tif;png;wav;mfcribbon-ms</Extensions>
    </Filter>
    <Filter Include="Source Files\Engine">
      <UniqueIdentifier>{eb5be6a8-1231-4e5a-9330-d81d85d7a196}</UniqueIdentifier>
    </Filter>
    <Filter Include="Source Files\Utills">
      <UniqueIdentifier>{66972929-e37e-4469-a673-3f1c6fa8ea6d}</UniqueIdentifier>
    </Filter>
    <Filter Include="Source Files\Src">
      <UniqueIdentifier>{a6a7e95e-2e35-4a07-8d39-ebe569f4fac5}</UniqueIdentifier>
    </Filter>
    <Filter Include="Source Files\Engine\Figures">
      <UniqueIdentifier>{1da5040e-eb09-4768-b236-b7471e892568}</UniqueIdentifier>
    </Filter>
    <Filter Include="Source Files\Engine\Core">
      <UniqueIdentifier>{40755861-1559-4a40-86b3-a44d980dfc34}</UniqueIdentifier>
    </Filter>
    <Filter Include="Source Files\Engine\Map">
      <UniqueIdentifier>{15ceedb9-f820-445d-b36d-f47a2f3c4128}</UniqueIdentifier>
    </Filter>
    <Filter Include="Source Files\Engine\GameMenu">
      <UniqueIdentifier>{8f8f907e-5fcb-4460-921c-0b0b4dc880e7}</UniqueIdentifier>
    </Filter>
    <Filter Include="Source Files\Src\ProgramControl">
      <UniqueIdentifier>{10a38c0b-0f30-4e26-9c75-473fd9a24b1e}</UniqueIdentifier>
    </Filter>
  </ItemGroup>
  <ItemGroup>
    <ClCompile Include="Utills.c">
      <Filter>Source Files\Utills</Filter>
    </ClCompile>
    <ClCompile Include="Main.c">
      <Filter>Source Files\Src</Filter>
    </ClCompile>
    <ClCompile Include="Figures.c">
      <Filter>Source Files\Engine\Figures</Filter>
    </ClCompile>
    <ClCompile Include="keyboardDetector.c">
      <Filter>Source Files\Utills</Filter>
    </ClCompile>
    <ClCompile Include="GameState.c">
      <Filter>Source Files\Engine\Core</Filter>
    </ClCompile>
    <ClCompile Include="FigureControler.c">
      <Filter>Source Files\Engine\Figures</Filter>
    </ClCompile>
    <ClCompile Include="MapControler.c">
      <Filter>Source Files\Engine\Map</Filter>
    </ClCompile>
    <ClCompile Include="Vector2.c">
      <Filter>Source Files\Engine\Core</Filter>
    </ClCompile>
    <ClCompile Include="GameControler.c">
      <Filter>Source Files\Src\ProgramControl</Filter>
    </ClCompile>
    <ClCompile Include="MenuArr.c">
      <Filter>Source Files\Engine\GameMenu</Filter>
    </ClCompile>
    <ClCompile Include="GameStateControler.c">
      <Filter>Source Files\Src\ProgramControl</Filter>
    </ClCompile>
    <ClCompile Include="GameOverControler.c">
      <Filter>Source Files\Engine\GameMenu</Filter>
    </ClCompile>
    <ClCompile Include="Score.c">
      <Filter>Source Files\Engine\Core</Filter>
    </ClCompile>
    <ClCompile Include="FileControler.c">
      <Filter>Source Files\Utills</Filter>
    </ClCompile>
    <ClCompile Include="FilePath.c">
      <Filter>Source Files\Utills</Filter>
    </ClCompile>
  </ItemGroup>
  <ItemGroup>
    <ClInclude Include="Utills.h">
      <Filter>Source Files\Utills</Filter>
    </ClInclude>
    <ClInclude Include="Figures.h">
      <Filter>Source Files\Engine\Figures</Filter>
    </ClInclude>
    <ClInclude Include="keyboardDetector.h">
      <Filter>Source Files\Utills</Filter>
    </ClInclude>
    <ClInclude Include="Vector2.h">
      <Filter>Source Files\Engine\Core</Filter>
    </ClInclude>
    <ClInclude Include="GameState.h">
      <Filter>Source Files\Engine\Core</Filter>
    </ClInclude>
    <ClInclude Include="Config.h">
      <Filter>Source Files\Engine\Core</Filter>
    </ClInclude>
    <ClInclude Include="FigureControler.h">
      <Filter>Source Files\Engine\Figures</Filter>
    </ClInclude>
    <ClInclude Include="MapControler.h">
      <Filter>Source Files\Engine\Map</Filter>
    </ClInclude>
    <ClInclude Include="GameControler.h">
      <Filter>Source Files\Src\ProgramControl</Filter>
    </ClInclude>
    <ClInclude Include="MenuArr.h">
      <Filter>Source Files\Engine\GameMenu</Filter>
    </ClInclude>
    <ClInclude Include="GameStateControler.h">
      <Filter>Source Files\Src\ProgramControl</Filter>
    </ClInclude>
    <ClInclude Include="GameStateType.h">
      <Filter>Source Files\Engine\Core</Filter>
    </ClInclude>
    <ClInclude Include="GameOverControler.h">
      <Filter>Source Files\Engine\GameMenu</Filter>
    </ClInclude>
    <ClInclude Include="Score.h">
      <Filter>Source Files\Engine\Core</Filter>
    </ClInclude>
    <ClInclude Include="FileControler.h">
      <Filter>Source Files\Utills</Filter>
    </ClInclude>
    <ClInclude Include="FilePath.h">
      <Filter>Source Files\Utills</Filter>
    </ClInclude>
  </ItemGroup>
</Project>